// !$*UTF8*$!
{
	archiveVersion = 1;
	classes = {
	};
	objectVersion = 46;
	objects = {

/* Begin PBXBuildFile section */
		93CBE56D1F3D17590003BA4F /* AppDelegate.swift in Sources */ = {isa = PBXBuildFile; fileRef = 93CBE56C1F3D17590003BA4F /* AppDelegate.swift */; };
		93CBE56F1F3D17590003BA4F /* ViewController.swift in Sources */ = {isa = PBXBuildFile; fileRef = 93CBE56E1F3D17590003BA4F /* ViewController.swift */; };
		93CBE5721F3D17590003BA4F /* Main.storyboard in Resources */ = {isa = PBXBuildFile; fileRef = 93CBE5701F3D17590003BA4F /* Main.storyboard */; };
		93CBE5741F3D17590003BA4F /* Assets.xcassets in Resources */ = {isa = PBXBuildFile; fileRef = 93CBE5731F3D17590003BA4F /* Assets.xcassets */; };
		93CBE5771F3D17590003BA4F /* LaunchScreen.storyboard in Resources */ = {isa = PBXBuildFile; fileRef = 93CBE5751F3D17590003BA4F /* LaunchScreen.storyboard */; };
		93CBE5821F3D17590003BA4F /* SampleTests.swift in Sources */ = {isa = PBXBuildFile; fileRef = 93CBE5811F3D17590003BA4F /* SampleTests.swift */; };
		93CBE58D1F3D17590003BA4F /* SampleUITests.swift in Sources */ = {isa = PBXBuildFile; fileRef = 93CBE58C1F3D17590003BA4F /* SampleUITests.swift */; };
		93CBE59C1F3DF5650003BA4F /* SamplePopoverViewController.swift in Sources */ = {isa = PBXBuildFile; fileRef = 93CBE59B1F3DF5650003BA4F /* SamplePopoverViewController.swift */; };
		93CBE59E1F3E5F390003BA4F /* OptionsViewController.swift in Sources */ = {isa = PBXBuildFile; fileRef = 93CBE59D1F3E5F390003BA4F /* OptionsViewController.swift */; };
		93CBE5EE1F536DF50003BA4F /* CustomPopupViewController.swift in Sources */ = {isa = PBXBuildFile; fileRef = 93CBE5ED1F536DF50003BA4F /* CustomPopupViewController.swift */; };
		93CBE5F11F536EA80003BA4F /* PopupPresentationAnimator.swift in Sources */ = {isa = PBXBuildFile; fileRef = 93CBE5F01F536EA80003BA4F /* PopupPresentationAnimator.swift */; };
		93CBE5F31F536F0E0003BA4F /* PopupDismissionAnimator.swift in Sources */ = {isa = PBXBuildFile; fileRef = 93CBE5F21F536F0E0003BA4F /* PopupDismissionAnimator.swift */; };
		93CBE5F51F5374D20003BA4F /* PopupTransitioningDelegate.swift in Sources */ = {isa = PBXBuildFile; fileRef = 93CBE5F41F5374D20003BA4F /* PopupTransitioningDelegate.swift */; };
		93CBE5F71F5375600003BA4F /* PopupPresentationController.swift in Sources */ = {isa = PBXBuildFile; fileRef = 93CBE5F61F5375600003BA4F /* PopupPresentationController.swift */; };
/* End PBXBuildFile section */

/* Begin PBXContainerItemProxy section */
		93CBE57E1F3D17590003BA4F /* PBXContainerItemProxy */ = {
			isa = PBXContainerItemProxy;
			containerPortal = 93CBE5611F3D17590003BA4F /* Project object */;
			proxyType = 1;
			remoteGlobalIDString = 93CBE5681F3D17590003BA4F;
			remoteInfo = Sample;
		};
		93CBE5891F3D17590003BA4F /* PBXContainerItemProxy */ = {
			isa = PBXContainerItemProxy;
			containerPortal = 93CBE5611F3D17590003BA4F /* Project object */;
			proxyType = 1;
			remoteGlobalIDString = 93CBE5681F3D17590003BA4F;
			remoteInfo = Sample;
		};
/* End PBXContainerItemProxy section */

/* Begin PBXFileReference section */
		93CBE5691F3D17590003BA4F /* Sample.app */ = {isa = PBXFileReference; explicitFileType = wrapper.application; includeInIndex = 0; path = Sample.app; sourceTree = BUILT_PRODUCTS_DIR; };
		93CBE56C1F3D17590003BA4F /* AppDelegate.swift */ = {isa = PBXFileReference; lastKnownFileType = sourcecode.swift; path = AppDelegate.swift; sourceTree = "<group>"; };
		93CBE56E1F3D17590003BA4F /* ViewController.swift */ = {isa = PBXFileReference; lastKnownFileType = sourcecode.swift; path = ViewController.swift; sourceTree = "<group>"; };
		93CBE5711F3D17590003BA4F /* Base */ = {isa = PBXFileReference; lastKnownFileType = file.storyboard; name = Base; path = Base.lproj/Main.storyboard; sourceTree = "<group>"; };
		93CBE5731F3D17590003BA4F /* Assets.xcassets */ = {isa = PBXFileReference; lastKnownFileType = folder.assetcatalog; path = Assets.xcassets; sourceTree = "<group>"; };
		93CBE5761F3D17590003BA4F /* Base */ = {isa = PBXFileReference; lastKnownFileType = file.storyboard; name = Base; path = Base.lproj/LaunchScreen.storyboard; sourceTree = "<group>"; };
		93CBE5781F3D17590003BA4F /* Info.plist */ = {isa = PBXFileReference; lastKnownFileType = text.plist.xml; path = Info.plist; sourceTree = "<group>"; };
		93CBE57D1F3D17590003BA4F /* SampleTests.xctest */ = {isa = PBXFileReference; explicitFileType = wrapper.cfbundle; includeInIndex = 0; path = SampleTests.xctest; sourceTree = BUILT_PRODUCTS_DIR; };
		93CBE5811F3D17590003BA4F /* SampleTests.swift */ = {isa = PBXFileReference; lastKnownFileType = sourcecode.swift; path = SampleTests.swift; sourceTree = "<group>"; };
		93CBE5831F3D17590003BA4F /* Info.plist */ = {isa = PBXFileReference; lastKnownFileType = text.plist.xml; path = Info.plist; sourceTree = "<group>"; };
		93CBE5881F3D17590003BA4F /* SampleUITests.xctest */ = {isa = PBXFileReference; explicitFileType = wrapper.cfbundle; includeInIndex = 0; path = SampleUITests.xctest; sourceTree = BUILT_PRODUCTS_DIR; };
		93CBE58C1F3D17590003BA4F /* SampleUITests.swift */ = {isa = PBXFileReference; lastKnownFileType = sourcecode.swift; path = SampleUITests.swift; sourceTree = "<group>"; };
		93CBE58E1F3D17590003BA4F /* Info.plist */ = {isa = PBXFileReference; lastKnownFileType = text.plist.xml; path = Info.plist; sourceTree = "<group>"; };
		93CBE59B1F3DF5650003BA4F /* SamplePopoverViewController.swift */ = {isa = PBXFileReference; fileEncoding = 4; lastKnownFileType = sourcecode.swift; path = SamplePopoverViewController.swift; sourceTree = "<group>"; };
		93CBE59D1F3E5F390003BA4F /* OptionsViewController.swift */ = {isa = PBXFileReference; fileEncoding = 4; lastKnownFileType = sourcecode.swift; path = OptionsViewController.swift; sourceTree = "<group>"; };
		93CBE5ED1F536DF50003BA4F /* CustomPopupViewController.swift */ = {isa = PBXFileReference; fileEncoding = 4; lastKnownFileType = sourcecode.swift; path = CustomPopupViewController.swift; sourceTree = "<group>"; };
		93CBE5F01F536EA80003BA4F /* PopupPresentationAnimator.swift */ = {isa = PBXFileReference; fileEncoding = 4; lastKnownFileType = sourcecode.swift; path = PopupPresentationAnimator.swift; sourceTree = "<group>"; };
		93CBE5F21F536F0E0003BA4F /* PopupDismissionAnimator.swift */ = {isa = PBXFileReference; fileEncoding = 4; lastKnownFileType = sourcecode.swift; path = PopupDismissionAnimator.swift; sourceTree = "<group>"; };
		93CBE5F41F5374D20003BA4F /* PopupTransitioningDelegate.swift */ = {isa = PBXFileReference; fileEncoding = 4; lastKnownFileType = sourcecode.swift; path = PopupTransitioningDelegate.swift; sourceTree = "<group>"; };
		93CBE5F61F5375600003BA4F /* PopupPresentationController.swift */ = {isa = PBXFileReference; fileEncoding = 4; lastKnownFileType = sourcecode.swift; path = PopupPresentationController.swift; sourceTree = "<group>"; };
/* End PBXFileReference section */

/* Begin PBXFrameworksBuildPhase section */
		93CBE5661F3D17590003BA4F /* Frameworks */ = {
			isa = PBXFrameworksBuildPhase;
			buildActionMask = 2147483647;
			files = (
			);
			runOnlyForDeploymentPostprocessing = 0;
		};
		93CBE57A1F3D17590003BA4F /* Frameworks */ = {
			isa = PBXFrameworksBuildPhase;
			buildActionMask = 2147483647;
			files = (
			);
			runOnlyForDeploymentPostprocessing = 0;
		};
		93CBE5851F3D17590003BA4F /* Frameworks */ = {
			isa = PBXFrameworksBuildPhase;
			buildActionMask = 2147483647;
			files = (
			);
			runOnlyForDeploymentPostprocessing = 0;
		};
/* End PBXFrameworksBuildPhase section */

/* Begin PBXGroup section */
		93CBE5601F3D17590003BA4F = {
			isa = PBXGroup;
			children = (
				93CBE56B1F3D17590003BA4F /* Sample */,
				93CBE5801F3D17590003BA4F /* SampleTests */,
				93CBE58B1F3D17590003BA4F /* SampleUITests */,
				93CBE56A1F3D17590003BA4F /* Products */,
			);
			sourceTree = "<group>";
		};
		93CBE56A1F3D17590003BA4F /* Products */ = {
			isa = PBXGroup;
			children = (
				93CBE5691F3D17590003BA4F /* Sample.app */,
				93CBE57D1F3D17590003BA4F /* SampleTests.xctest */,
				93CBE5881F3D17590003BA4F /* SampleUITests.xctest */,
			);
			name = Products;
			sourceTree = "<group>";
		};
		93CBE56B1F3D17590003BA4F /* Sample */ = {
			isa = PBXGroup;
			children = (
				93CBE5EF1F536E4C0003BA4F /* Popup Presentation */,
				93CBE59A1F3DF5440003BA4F /* View Controllers */,
				93CBE56C1F3D17590003BA4F /* AppDelegate.swift */,
				93CBE5701F3D17590003BA4F /* Main.storyboard */,
				93CBE5731F3D17590003BA4F /* Assets.xcassets */,
				93CBE5751F3D17590003BA4F /* LaunchScreen.storyboard */,
				93CBE5781F3D17590003BA4F /* Info.plist */,
			);
			path = Sample;
			sourceTree = "<group>";
		};
		93CBE5801F3D17590003BA4F /* SampleTests */ = {
			isa = PBXGroup;
			children = (
				93CBE5811F3D17590003BA4F /* SampleTests.swift */,
				93CBE5831F3D17590003BA4F /* Info.plist */,
			);
			path = SampleTests;
			sourceTree = "<group>";
		};
		93CBE58B1F3D17590003BA4F /* SampleUITests */ = {
			isa = PBXGroup;
			children = (
				93CBE58C1F3D17590003BA4F /* SampleUITests.swift */,
				93CBE58E1F3D17590003BA4F /* Info.plist */,
			);
			path = SampleUITests;
			sourceTree = "<group>";
		};
		93CBE59A1F3DF5440003BA4F /* View Controllers */ = {
			isa = PBXGroup;
			children = (
				93CBE56E1F3D17590003BA4F /* ViewController.swift */,
				93CBE59B1F3DF5650003BA4F /* SamplePopoverViewController.swift */,
				93CBE59D1F3E5F390003BA4F /* OptionsViewController.swift */,
				93CBE5ED1F536DF50003BA4F /* CustomPopupViewController.swift */,
			);
			name = "View Controllers";
			sourceTree = "<group>";
		};
		93CBE5EF1F536E4C0003BA4F /* Popup Presentation */ = {
			isa = PBXGroup;
			children = (
				93CBE5F01F536EA80003BA4F /* PopupPresentationAnimator.swift */,
				93CBE5F21F536F0E0003BA4F /* PopupDismissionAnimator.swift */,
				93CBE5F41F5374D20003BA4F /* PopupTransitioningDelegate.swift */,
				93CBE5F61F5375600003BA4F /* PopupPresentationController.swift */,
			);
			name = "Popup Presentation";
			sourceTree = "<group>";
		};
/* End PBXGroup section */

/* Begin PBXNativeTarget section */
		93CBE5681F3D17590003BA4F /* Sample */ = {
			isa = PBXNativeTarget;
			buildConfigurationList = 93CBE5911F3D17590003BA4F /* Build configuration list for PBXNativeTarget "Sample" */;
			buildPhases = (
				93CBE5651F3D17590003BA4F /* Sources */,
				93CBE5661F3D17590003BA4F /* Frameworks */,
				93CBE5671F3D17590003BA4F /* Resources */,
			);
			buildRules = (
			);
			dependencies = (
			);
			name = Sample;
			productName = Sample;
			productReference = 93CBE5691F3D17590003BA4F /* Sample.app */;
			productType = "com.apple.product-type.application";
		};
		93CBE57C1F3D17590003BA4F /* SampleTests */ = {
			isa = PBXNativeTarget;
			buildConfigurationList = 93CBE5941F3D17590003BA4F /* Build configuration list for PBXNativeTarget "SampleTests" */;
			buildPhases = (
				93CBE5791F3D17590003BA4F /* Sources */,
				93CBE57A1F3D17590003BA4F /* Frameworks */,
				93CBE57B1F3D17590003BA4F /* Resources */,
			);
			buildRules = (
			);
			dependencies = (
				93CBE57F1F3D17590003BA4F /* PBXTargetDependency */,
			);
			name = SampleTests;
			productName = SampleTests;
			productReference = 93CBE57D1F3D17590003BA4F /* SampleTests.xctest */;
			productType = "com.apple.product-type.bundle.unit-test";
		};
		93CBE5871F3D17590003BA4F /* SampleUITests */ = {
			isa = PBXNativeTarget;
			buildConfigurationList = 93CBE5971F3D17590003BA4F /* Build configuration list for PBXNativeTarget "SampleUITests" */;
			buildPhases = (
				93CBE5841F3D17590003BA4F /* Sources */,
				93CBE5851F3D17590003BA4F /* Frameworks */,
				93CBE5861F3D17590003BA4F /* Resources */,
			);
			buildRules = (
			);
			dependencies = (
				93CBE58A1F3D17590003BA4F /* PBXTargetDependency */,
			);
			name = SampleUITests;
			productName = SampleUITests;
			productReference = 93CBE5881F3D17590003BA4F /* SampleUITests.xctest */;
			productType = "com.apple.product-type.bundle.ui-testing";
		};
/* End PBXNativeTarget section */

/* Begin PBXProject section */
		93CBE5611F3D17590003BA4F /* Project object */ = {
			isa = PBXProject;
			attributes = {
				LastSwiftUpdateCheck = 0830;
				LastUpgradeCheck = 0830;
				ORGANIZATIONNAME = "Namrata Bandekar";
				TargetAttributes = {
					93CBE5681F3D17590003BA4F = {
						CreatedOnToolsVersion = 8.3.3;
						ProvisioningStyle = Automatic;
					};
					93CBE57C1F3D17590003BA4F = {
						CreatedOnToolsVersion = 8.3.3;
						ProvisioningStyle = Automatic;
						TestTargetID = 93CBE5681F3D17590003BA4F;
					};
					93CBE5871F3D17590003BA4F = {
						CreatedOnToolsVersion = 8.3.3;
						ProvisioningStyle = Automatic;
						TestTargetID = 93CBE5681F3D17590003BA4F;
					};
				};
			};
			buildConfigurationList = 93CBE5641F3D17590003BA4F /* Build configuration list for PBXProject "Sample" */;
			compatibilityVersion = "Xcode 3.2";
			developmentRegion = English;
			hasScannedForEncodings = 0;
			knownRegions = (
				en,
				Base,
			);
			mainGroup = 93CBE5601F3D17590003BA4F;
			productRefGroup = 93CBE56A1F3D17590003BA4F /* Products */;
			projectDirPath = "";
			projectRoot = "";
			targets = (
				93CBE5681F3D17590003BA4F /* Sample */,
				93CBE57C1F3D17590003BA4F /* SampleTests */,
				93CBE5871F3D17590003BA4F /* SampleUITests */,
			);
		};
/* End PBXProject section */

/* Begin PBXResourcesBuildPhase section */
		93CBE5671F3D17590003BA4F /* Resources */ = {
			isa = PBXResourcesBuildPhase;
			buildActionMask = 2147483647;
			files = (
				93CBE5771F3D17590003BA4F /* LaunchScreen.storyboard in Resources */,
				93CBE5741F3D17590003BA4F /* Assets.xcassets in Resources */,
				93CBE5721F3D17590003BA4F /* Main.storyboard in Resources */,
			);
			runOnlyForDeploymentPostprocessing = 0;
		};
		93CBE57B1F3D17590003BA4F /* Resources */ = {
			isa = PBXResourcesBuildPhase;
			buildActionMask = 2147483647;
			files = (
			);
			runOnlyForDeploymentPostprocessing = 0;
		};
		93CBE5861F3D17590003BA4F /* Resources */ = {
			isa = PBXResourcesBuildPhase;
			buildActionMask = 2147483647;
			files = (
			);
			runOnlyForDeploymentPostprocessing = 0;
		};
/* End PBXResourcesBuildPhase section */

/* Begin PBXSourcesBuildPhase section */
		93CBE5651F3D17590003BA4F /* Sources */ = {
			isa = PBXSourcesBuildPhase;
			buildActionMask = 2147483647;
			files = (
				93CBE5EE1F536DF50003BA4F /* CustomPopupViewController.swift in Sources */,
				93CBE56F1F3D17590003BA4F /* ViewController.swift in Sources */,
				93CBE59E1F3E5F390003BA4F /* OptionsViewController.swift in Sources */,
				93CBE56D1F3D17590003BA4F /* AppDelegate.swift in Sources */,
				93CBE59C1F3DF5650003BA4F /* SamplePopoverViewController.swift in Sources */,
				93CBE5F11F536EA80003BA4F /* PopupPresentationAnimator.swift in Sources */,
				93CBE5F71F5375600003BA4F /* PopupPresentationController.swift in Sources */,
				93CBE5F51F5374D20003BA4F /* PopupTransitioningDelegate.swift in Sources */,
				93CBE5F31F536F0E0003BA4F /* PopupDismissionAnimator.swift in Sources */,
			);
			runOnlyForDeploymentPostprocessing = 0;
		};
		93CBE5791F3D17590003BA4F /* Sources */ = {
			isa = PBXSourcesBuildPhase;
			buildActionMask = 2147483647;
			files = (
				93CBE5821F3D17590003BA4F /* SampleTests.swift in Sources */,
			);
			runOnlyForDeploymentPostprocessing = 0;
		};
		93CBE5841F3D17590003BA4F /* Sources */ = {
			isa = PBXSourcesBuildPhase;
			buildActionMask = 2147483647;
			files = (
				93CBE58D1F3D17590003BA4F /* SampleUITests.swift in Sources */,
			);
			runOnlyForDeploymentPostprocessing = 0;
		};
/* End PBXSourcesBuildPhase section */

/* Begin PBXTargetDependency section */
		93CBE57F1F3D17590003BA4F /* PBXTargetDependency */ = {
			isa = PBXTargetDependency;
			target = 93CBE5681F3D17590003BA4F /* Sample */;
			targetProxy = 93CBE57E1F3D17590003BA4F /* PBXContainerItemProxy */;
		};
		93CBE58A1F3D17590003BA4F /* PBXTargetDependency */ = {
			isa = PBXTargetDependency;
			target = 93CBE5681F3D17590003BA4F /* Sample */;
			targetProxy = 93CBE5891F3D17590003BA4F /* PBXContainerItemProxy */;
		};
/* End PBXTargetDependency section */

/* Begin PBXVariantGroup section */
		93CBE5701F3D17590003BA4F /* Main.storyboard */ = {
			isa = PBXVariantGroup;
			children = (
				93CBE5711F3D17590003BA4F /* Base */,
			);
			name = Main.storyboard;
			sourceTree = "<group>";
		};
		93CBE5751F3D17590003BA4F /* LaunchScreen.storyboard */ = {
			isa = PBXVariantGroup;
			children = (
				93CBE5761F3D17590003BA4F /* Base */,
			);
			name = LaunchScreen.storyboard;
			sourceTree = "<group>";
		};
/* End PBXVariantGroup section */

/* Begin XCBuildConfiguration section */
		93CBE58F1F3D17590003BA4F /* Debug */ = {
			isa = XCBuildConfiguration;
			buildSettings = {
				ALWAYS_SEARCH_USER_PATHS = NO;
				CLANG_ANALYZER_NONNULL = YES;
				CLANG_ANALYZER_NUMBER_OBJECT_CONVERSION = YES_AGGRESSIVE;
				CLANG_CXX_LANGUAGE_STANDARD = "gnu++0x";
				CLANG_CXX_LIBRARY = "libc++";
				CLANG_ENABLE_MODULES = YES;
				CLANG_ENABLE_OBJC_ARC = YES;
				CLANG_WARN_BOOL_CONVERSION = YES;
				CLANG_WARN_CONSTANT_CONVERSION = YES;
				CLANG_WARN_DIRECT_OBJC_ISA_USAGE = YES_ERROR;
				CLANG_WARN_DOCUMENTATION_COMMENTS = YES;
				CLANG_WARN_EMPTY_BODY = YES;
				CLANG_WARN_ENUM_CONVERSION = YES;
				CLANG_WARN_INFINITE_RECURSION = YES;
				CLANG_WARN_INT_CONVERSION = YES;
				CLANG_WARN_OBJC_ROOT_CLASS = YES_ERROR;
				CLANG_WARN_SUSPICIOUS_MOVE = YES;
				CLANG_WARN_UNREACHABLE_CODE = YES;
				CLANG_WARN__DUPLICATE_METHOD_MATCH = YES;
				"CODE_SIGN_IDENTITY[sdk=iphoneos*]" = "iPhone Developer";
				COPY_PHASE_STRIP = NO;
				DEBUG_INFORMATION_FORMAT = dwarf;
				ENABLE_STRICT_OBJC_MSGSEND = YES;
				ENABLE_TESTABILITY = YES;
				GCC_C_LANGUAGE_STANDARD = gnu99;
				GCC_DYNAMIC_NO_PIC = NO;
				GCC_NO_COMMON_BLOCKS = YES;
				GCC_OPTIMIZATION_LEVEL = 0;
				GCC_PREPROCESSOR_DEFINITIONS = (
					"DEBUG=1",
					"$(inherited)",
				);
				GCC_WARN_64_TO_32_BIT_CONVERSION = YES;
				GCC_WARN_ABOUT_RETURN_TYPE = YES_ERROR;
				GCC_WARN_UNDECLARED_SELECTOR = YES;
				GCC_WARN_UNINITIALIZED_AUTOS = YES_AGGRESSIVE;
				GCC_WARN_UNUSED_FUNCTION = YES;
				GCC_WARN_UNUSED_VARIABLE = YES;
				IPHONEOS_DEPLOYMENT_TARGET = 10.3;
				MTL_ENABLE_DEBUG_INFO = YES;
				ONLY_ACTIVE_ARCH = YES;
				SDKROOT = iphoneos;
				SWIFT_ACTIVE_COMPILATION_CONDITIONS = DEBUG;
				SWIFT_OPTIMIZATION_LEVEL = "-Onone";
				TARGETED_DEVICE_FAMILY = "1,2";
			};
			name = Debug;
		};
		93CBE5901F3D17590003BA4F /* Release */ = {
			isa = XCBuildConfiguration;
			buildSettings = {
				ALWAYS_SEARCH_USER_PATHS = NO;
				CLANG_ANALYZER_NONNULL = YES;
				CLANG_ANALYZER_NUMBER_OBJECT_CONVERSION = YES_AGGRESSIVE;
				CLANG_CXX_LANGUAGE_STANDARD = "gnu++0x";
				CLANG_CXX_LIBRARY = "libc++";
				CLANG_ENABLE_MODULES = YES;
				CLANG_ENABLE_OBJC_ARC = YES;
				CLANG_WARN_BOOL_CONVERSION = YES;
				CLANG_WARN_CONSTANT_CONVERSION = YES;
				CLANG_WARN_DIRECT_OBJC_ISA_USAGE = YES_ERROR;
				CLANG_WARN_DOCUMENTATION_COMMENTS = YES;
				CLANG_WARN_EMPTY_BODY = YES;
				CLANG_WARN_ENUM_CONVERSION = YES;
				CLANG_WARN_INFINITE_RECURSION = YES;
				CLANG_WARN_INT_CONVERSION = YES;
				CLANG_WARN_OBJC_ROOT_CLASS = YES_ERROR;
				CLANG_WARN_SUSPICIOUS_MOVE = YES;
				CLANG_WARN_UNREACHABLE_CODE = YES;
				CLANG_WARN__DUPLICATE_METHOD_MATCH = YES;
				"CODE_SIGN_IDENTITY[sdk=iphoneos*]" = "iPhone Developer";
				COPY_PHASE_STRIP = NO;
				DEBUG_INFORMATION_FORMAT = "dwarf-with-dsym";
				ENABLE_NS_ASSERTIONS = NO;
				ENABLE_STRICT_OBJC_MSGSEND = YES;
				GCC_C_LANGUAGE_STANDARD = gnu99;
				GCC_NO_COMMON_BLOCKS = YES;
				GCC_WARN_64_TO_32_BIT_CONVERSION = YES;
				GCC_WARN_ABOUT_RETURN_TYPE = YES_ERROR;
				GCC_WARN_UNDECLARED_SELECTOR = YES;
				GCC_WARN_UNINITIALIZED_AUTOS = YES_AGGRESSIVE;
				GCC_WARN_UNUSED_FUNCTION = YES;
				GCC_WARN_UNUSED_VARIABLE = YES;
				IPHONEOS_DEPLOYMENT_TARGET = 10.3;
				MTL_ENABLE_DEBUG_INFO = NO;
				SDKROOT = iphoneos;
				SWIFT_OPTIMIZATION_LEVEL = "-Owholemodule";
				TARGETED_DEVICE_FAMILY = "1,2";
				VALIDATE_PRODUCT = YES;
			};
			name = Release;
		};
		93CBE5921F3D17590003BA4F /* Debug */ = {
			isa = XCBuildConfiguration;
			buildSettings = {
				ASSETCATALOG_COMPILER_APPICON_NAME = AppIcon;
				INFOPLIST_FILE = Sample/Info.plist;
				LD_RUNPATH_SEARCH_PATHS = "$(inherited) @executable_path/Frameworks";
				PRODUCT_BUNDLE_IDENTIFIER = com.namrata.Sample;
				PRODUCT_NAME = "$(TARGET_NAME)";
				SWIFT_VERSION = 3.0;
			};
			name = Debug;
		};
		93CBE5931F3D17590003BA4F /* Release */ = {
			isa = XCBuildConfiguration;
			buildSettings = {
				ASSETCATALOG_COMPILER_APPICON_NAME = AppIcon;
				INFOPLIST_FILE = Sample/Info.plist;
				LD_RUNPATH_SEARCH_PATHS = "$(inherited) @executable_path/Frameworks";
				PRODUCT_BUNDLE_IDENTIFIER = com.namrata.Sample;
				PRODUCT_NAME = "$(TARGET_NAME)";
				SWIFT_VERSION = 3.0;
			};
			name = Release;
		};
		93CBE5951F3D17590003BA4F /* Debug */ = {
			isa = XCBuildConfiguration;
			buildSettings = {
				ALWAYS_EMBED_SWIFT_STANDARD_LIBRARIES = YES;
				BUNDLE_LOADER = "$(TEST_HOST)";
				INFOPLIST_FILE = SampleTests/Info.plist;
				LD_RUNPATH_SEARCH_PATHS = "$(inherited) @executable_path/Frameworks @loader_path/Frameworks";
				PRODUCT_BUNDLE_IDENTIFIER = com.namrata.SampleTests;
				PRODUCT_NAME = "$(TARGET_NAME)";
				SWIFT_VERSION = 3.0;
				TEST_HOST = "$(BUILT_PRODUCTS_DIR)/Sample.app/Sample";
			};
			name = Debug;
		};
		93CBE5961F3D17590003BA4F /* Release */ = {
			isa = XCBuildConfiguration;
			buildSettings = {
				ALWAYS_EMBED_SWIFT_STANDARD_LIBRARIES = YES;
				BUNDLE_LOADER = "$(TEST_HOST)";
				INFOPLIST_FILE = SampleTests/Info.plist;
				LD_RUNPATH_SEARCH_PATHS = "$(inherited) @executable_path/Frameworks @loader_path/Frameworks";
				PRODUCT_BUNDLE_IDENTIFIER = com.namrata.SampleTests;
				PRODUCT_NAME = "$(TARGET_NAME)";
				SWIFT_VERSION = 3.0;
				TEST_HOST = "$(BUILT_PRODUCTS_DIR)/Sample.app/Sample";
			};
			name = Release;
		};
		93CBE5981F3D17590003BA4F /* Debug */ = {
			isa = XCBuildConfiguration;
			buildSettings = {
				ALWAYS_EMBED_SWIFT_STANDARD_LIBRARIES = YES;
				INFOPLIST_FILE = SampleUITests/Info.plist;
				LD_RUNPATH_SEARCH_PATHS = "$(inherited) @executable_path/Frameworks @loader_path/Frameworks";
				PRODUCT_BUNDLE_IDENTIFIER = com.namrata.SampleUITests;
				PRODUCT_NAME = "$(TARGET_NAME)";
				SWIFT_VERSION = 3.0;
				TEST_TARGET_NAME = Sample;
			};
			name = Debug;
		};
		93CBE5991F3D17590003BA4F /* Release */ = {
			isa = XCBuildConfiguration;
			buildSettings = {
				ALWAYS_EMBED_SWIFT_STANDARD_LIBRARIES = YES;
				INFOPLIST_FILE = SampleUITests/Info.plist;
				LD_RUNPATH_SEARCH_PATHS = "$(inherited) @executable_path/Frameworks @loader_path/Frameworks";
				PRODUCT_BUNDLE_IDENTIFIER = com.namrata.SampleUITests;
				PRODUCT_NAME = "$(TARGET_NAME)";
				SWIFT_VERSION = 3.0;
				TEST_TARGET_NAME = Sample;
			};
			name = Release;
		};
/* End XCBuildConfiguration section */

/* Begin XCConfigurationList section */
		93CBE5641F3D17590003BA4F /* Build configuration list for PBXProject "Sample" */ = {
			isa = XCConfigurationList;
			buildConfigurations = (
				93CBE58F1F3D17590003BA4F /* Debug */,
				93CBE5901F3D17590003BA4F /* Release */,
			);
			defaultConfigurationIsVisible = 0;
			defaultConfigurationName = Release;
		};
		93CBE5911F3D17590003BA4F /* Build configuration list for PBXNativeTarget "Sample" */ = {
			isa = XCConfigurationList;
			buildConfigurations = (
				93CBE5921F3D17590003BA4F /* Debug */,
				93CBE5931F3D17590003BA4F /* Release */,
			);
			defaultConfigurationIsVisible = 0;
		};
		93CBE5941F3D17590003BA4F /* Build configuration list for PBXNativeTarget "SampleTests" */ = {
			isa = XCConfigurationList;
			buildConfigurations = (
				93CBE5951F3D17590003BA4F /* Debug */,
				93CBE5961F3D17590003BA4F /* Release */,
			);
			defaultConfigurationIsVisible = 0;
		};
		93CBE5971F3D17590003BA4F /* Build configuration list for PBXNativeTarget "SampleUITests" */ = {
			isa = XCConfigurationList;
			buildConfigurations = (
				93CBE5981F3D17590003BA4F /* Debug */,
				93CBE5991F3D17590003BA4F /* Release */,
			);
			defaultConfigurationIsVisible = 0;
		};
/* End XCConfigurationList section */
	};
	rootObject = 93CBE5611F3D17590003BA4F /* Project object */;
}
